
Microsoft Visual Studio Solution File, Format Version 12.00
# Visual Studio Version 17
VisualStudioVersion = 17.10.35122.118
MinimumVisualStudioVersion = 10.0.40219.1
Project("{9A19103F-16F7-4668-BE54-9A1E7A4F7556}") = "Form_ModelBinding", "Form_ModelBinding\Form_ModelBinding.csproj", "{7D43E151-B60F-41D5-AE61-37037AB63C7F}"
EndProject
Global
	GlobalSection(SolutionConfigurationPlatforms) = preSolution
		Debug|Any CPU = Debug|Any CPU
		Release|Any CPU = Release|Any CPU
	EndGlobalSection
	GlobalSection(ProjectConfigurationPlatforms) = postSolution
		{7D43E151-B60F-41D5-AE61-37037AB63C7F}.Debug|Any CPU.ActiveCfg = Debug|Any CPU
		{7D43E151-B60F-41D5-AE61-37037AB63C7F}.Debug|Any CPU.Build.0 = Debug|Any CPU
		{7D43E151-B60F-41D5-AE61-37037AB63C7F}.Release|Any CPU.ActiveCfg = Release|Any CPU
		{7D43E151-B60F-41D5-AE61-37037AB63C7F}.Release|Any CPU.Build.0 = Release|Any CPU
	EndGlobalSection
	GlobalSection(SolutionProperties) = preSolution
		HideSolutionNode = FALSE
	EndGlobalSection
	GlobalSection(ExtensibilityGlobals) = postSolution
		SolutionGuid = {0B085BEF-F2CF-4D3E-A0FA-72AA96EF881B}
	EndGlobalSection
EndGlobal
